
Microsoft Visual Studio Solution File, Format Version 12.00
# Visual Studio Version 17
VisualStudioVersion = 17.3.32929.385
MinimumVisualStudioVersion = 10.0.40219.1
Project("{9A19103F-16F7-4668-BE54-9A1E7A4F7556}") = "Calculator.ConsoleApp", "Calculator.ConsoleApp\Calculator.ConsoleApp.csproj", "{F931BA61-EE0B-425A-B70F-104CE21F4462}"
EndProject
Project("{FAE04EC0-301F-11D3-BF4B-00C04F79EFBC}") = "Calculator.WindowsFormsApp", "Calculator.WindowsFormsApp\Calculator.WindowsFormsApp.csproj", "{344F304B-523C-449A-A009-BF1685BFA4AA}"
EndProject
Global
	GlobalSection(SolutionConfigurationPlatforms) = preSolution
		Debug|Any CPU = Debug|Any CPU
		Release|Any CPU = Release|Any CPU
	EndGlobalSection
	GlobalSection(ProjectConfigurationPlatforms) = postSolution
		{F931BA61-EE0B-425A-B70F-104CE21F4462}.Debug|Any CPU.ActiveCfg = Debug|Any CPU
		{F931BA61-EE0B-425A-B70F-104CE21F4462}.Debug|Any CPU.Build.0 = Debug|Any CPU
		{F931BA61-EE0B-425A-B70F-104CE21F4462}.Release|Any CPU.ActiveCfg = Release|Any CPU
		{F931BA61-EE0B-425A-B70F-104CE21F4462}.Release|Any CPU.Build.0 = Release|Any CPU
		{344F304B-523C-449A-A009-BF1685BFA4AA}.Debug|Any CPU.ActiveCfg = Debug|Any CPU
		{344F304B-523C-449A-A009-BF1685BFA4AA}.Debug|Any CPU.Build.0 = Debug|Any CPU
		{344F304B-523C-449A-A009-BF1685BFA4AA}.Release|Any CPU.ActiveCfg = Release|Any CPU
		{344F304B-523C-449A-A009-BF1685BFA4AA}.Release|Any CPU.Build.0 = Release|Any CPU
	EndGlobalSection
	GlobalSection(SolutionProperties) = preSolution
		HideSolutionNode = FALSE
	EndGlobalSection
	GlobalSection(ExtensibilityGlobals) = postSolution
		SolutionGuid = {A28766E3-C8A9-4C11-9755-0CDEBBF1A3A8}
	EndGlobalSection
EndGlobal
